Microsoft Visual Studio Solution File, Format Version 11.00
# Visual Studio 2008

Project("{0FE25987-1884-28E9-DE63-D9D01F4842F0}") = "Move or die 2", "Assembly-CSharp-firstpass.csproj", "{4BEC793A-42FA-0B65-9E7B-3C65591C93E7}"
EndProject
Project("{0FE25987-1884-28E9-DE63-D9D01F4842F0}") = "Move or die 2", "Assembly-CSharp.csproj", "{564ADD0B-D40E-6C1B-BF13-D9AA584C5A84}"
EndProject
Project("{0FE25987-1884-28E9-DE63-D9D01F4842F0}") = "Move or die 2", "Assembly-CSharp-Editor.csproj", "{6EBD5539-B2D3-4D66-43A6-CE875363591F}"
EndProject
Global
	GlobalSection(SolutionConfigurationPlatforms) = preSolution
		Debug|Any CPU = Debug|Any CPU
		Release|Any CPU = Release|Any CPU
	EndGlobalSection
	GlobalSection(ProjectConfigurationPlatforms) = postSolution
		{4BEC793A-42FA-0B65-9E7B-3C65591C93E7}.Debug|Any CPU.ActiveCfg = Debug|Any CPU
		{4BEC793A-42FA-0B65-9E7B-3C65591C93E7}.Debug|Any CPU.Build.0 = Debug|Any CPU
		{4BEC793A-42FA-0B65-9E7B-3C65591C93E7}.Release|Any CPU.ActiveCfg = Release|Any CPU
		{4BEC793A-42FA-0B65-9E7B-3C65591C93E7}.Release|Any CPU.Build.0 = Release|Any CPU
		{564ADD0B-D40E-6C1B-BF13-D9AA584C5A84}.Debug|Any CPU.ActiveCfg = Debug|Any CPU
		{564ADD0B-D40E-6C1B-BF13-D9AA584C5A84}.Debug|Any CPU.Build.0 = Debug|Any CPU
		{564ADD0B-D40E-6C1B-BF13-D9AA584C5A84}.Release|Any CPU.ActiveCfg = Release|Any CPU
		{564ADD0B-D40E-6C1B-BF13-D9AA584C5A84}.Release|Any CPU.Build.0 = Release|Any CPU
		{6EBD5539-B2D3-4D66-43A6-CE875363591F}.Debug|Any CPU.ActiveCfg = Debug|Any CPU
		{6EBD5539-B2D3-4D66-43A6-CE875363591F}.Debug|Any CPU.Build.0 = Debug|Any CPU
		{6EBD5539-B2D3-4D66-43A6-CE875363591F}.Release|Any CPU.ActiveCfg = Release|Any CPU
		{6EBD5539-B2D3-4D66-43A6-CE875363591F}.Release|Any CPU.Build.0 = Release|Any CPU
	EndGlobalSection
	GlobalSection(SolutionProperties) = preSolution
		HideSolutionNode = FALSE
	EndGlobalSection
	GlobalSection(MonoDevelopProperties) = preSolution
		StartupItem = Assembly-CSharp.csproj
	EndGlobalSection
EndGlobal
